// !$*UTF8*$!
{
	archiveVersion = 1;
	classes = {
	};
	objectVersion = 50;
	objects = {

/* Begin PBXBuildFile section */
		FF74695F249BA0C90055D432 /* AppDelegate.swift in Sources */ = {isa = PBXBuildFile; fileRef = FF74695E249BA0C90055D432 /* AppDelegate.swift */; };
		FF746961249BA0C90055D432 /* SceneDelegate.swift in Sources */ = {isa = PBXBuildFile; fileRef = FF746960249BA0C90055D432 /* SceneDelegate.swift */; };
		FF746963249BA0C90055D432 /* ContentView.swift in Sources */ = {isa = PBXBuildFile; fileRef = FF746962249BA0C90055D432 /* ContentView.swift */; };
		FF746965249BA0CC0055D432 /* Assets.xcassets in Resources */ = {isa = PBXBuildFile; fileRef = FF746964249BA0CC0055D432 /* Assets.xcassets */; };
		FF746968249BA0CC0055D432 /* Preview Assets.xcassets in Resources */ = {isa = PBXBuildFile; fileRef = FF746967249BA0CC0055D432 /* Preview Assets.xcassets */; };
		FF74696B249BA0CC0055D432 /* LaunchScreen.storyboard in Resources */ = {isa = PBXBuildFile; fileRef = FF746969249BA0CC0055D432 /* LaunchScreen.storyboard */; };
		FF746974249BA0F90055D432 /* Flowers.swift in Sources */ = {isa = PBXBuildFile; fileRef = FF746973249BA0F80055D432 /* Flowers.swift */; };
		FF746978249BA2700055D432 /* ArrayExtenssion.swift in Sources */ = {isa = PBXBuildFile; fileRef = FF746977249BA2700055D432 /* ArrayExtenssion.swift */; };
/* End PBXBuildFile section */

/* Begin PBXFileReference section */
		FF74695B249BA0C90055D432 /* grid_view.app */ = {isa = PBXFileReference; explicitFileType = wrapper.application; includeInIndex = 0; path = grid_view.app; sourceTree = BUILT_PRODUCTS_DIR; };
		FF74695E249BA0C90055D432 /* AppDelegate.swift */ = {isa = PBXFileReference; lastKnownFileType = sourcecode.swift; path = AppDelegate.swift; sourceTree = "<group>"; };
		FF746960249BA0C90055D432 /* SceneDelegate.swift */ = {isa = PBXFileReference; lastKnownFileType = sourcecode.swift; path = SceneDelegate.swift; sourceTree = "<group>"; };
		FF746962249BA0C90055D432 /* ContentView.swift */ = {isa = PBXFileReference; lastKnownFileType = sourcecode.swift; path = ContentView.swift; sourceTree = "<group>"; };
		FF746964249BA0CC0055D432 /* Assets.xcassets */ = {isa = PBXFileReference; lastKnownFileType = folder.assetcatalog; path = Assets.xcassets; sourceTree = "<group>"; };
		FF746967249BA0CC0055D432 /* Preview Assets.xcassets */ = {isa = PBXFileReference; lastKnownFileType = folder.assetcatalog; path = "Preview Assets.xcassets"; sourceTree = "<group>"; };
		FF74696A249BA0CC0055D432 /* Base */ = {isa = PBXFileReference; lastKnownFileType = file.storyboard; name = Base; path = Base.lproj/LaunchScreen.storyboard; sourceTree = "<group>"; };
		FF74696C249BA0CC0055D432 /* Info.plist */ = {isa = PBXFileReference; lastKnownFileType = text.plist.xml; path = Info.plist; sourceTree = "<group>"; };
		FF746973249BA0F80055D432 /* Flowers.swift */ = {isa = PBXFileReference; lastKnownFileType = sourcecode.swift; path = Flowers.swift; sourceTree = "<group>"; };
		FF746977249BA2700055D432 /* ArrayExtenssion.swift */ = {isa = PBXFileReference; lastKnownFileType = sourcecode.swift; path = ArrayExtenssion.swift; sourceTree = "<group>"; };
/* End PBXFileReference section */

/* Begin PBXFrameworksBuildPhase section */
		FF746958249BA0C90055D432 /* Frameworks */ = {
			isa = PBXFrameworksBuildPhase;
			buildActionMask = 2147483647;
			files = (
			);
			runOnlyForDeploymentPostprocessing = 0;
		};
/* End PBXFrameworksBuildPhase section */

/* Begin PBXGroup section */
		FF746952249BA0C90055D432 = {
			isa = PBXGroup;
			children = (
				FF746972249BA0DE0055D432 /* Models */,
				FF74695D249BA0C90055D432 /* grid_view */,
				FF74695C249BA0C90055D432 /* Products */,
			);
			sourceTree = "<group>";
		};
		FF74695C249BA0C90055D432 /* Products */ = {
			isa = PBXGroup;
			children = (
				FF74695B249BA0C90055D432 /* grid_view.app */,
			);
			name = Products;
			sourceTree = "<group>";
		};
		FF74695D249BA0C90055D432 /* grid_view */ = {
			isa = PBXGroup;
			children = (
				FF74695E249BA0C90055D432 /* AppDelegate.swift */,
				FF746960249BA0C90055D432 /* SceneDelegate.swift */,
				FF746962249BA0C90055D432 /* ContentView.swift */,
				FF746977249BA2700055D432 /* ArrayExtenssion.swift */,
				FF746964249BA0CC0055D432 /* Assets.xcassets */,
				FF746969249BA0CC0055D432 /* LaunchScreen.storyboard */,
				FF74696C249BA0CC0055D432 /* Info.plist */,
				FF746966249BA0CC0055D432 /* Preview Content */,
			);
			path = grid_view;
			sourceTree = "<group>";
		};
		FF746966249BA0CC0055D432 /* Preview Content */ = {
			isa = PBXGroup;
			children = (
				FF746967249BA0CC0055D432 /* Preview Assets.xcassets */,
			);
			path = "Preview Content";
			sourceTree = "<group>";
		};
		FF746972249BA0DE0055D432 /* Models */ = {
			isa = PBXGroup;
			children = (
				FF746973249BA0F80055D432 /* Flowers.swift */,
			);
			path = Models;
			sourceTree = "<group>";
		};
/* End PBXGroup section */

/* Begin PBXNativeTarget section */
		FF74695A249BA0C90055D432 /* grid_view */ = {
			isa = PBXNativeTarget;
			buildConfigurationList = FF74696F249BA0CC0055D432 /* Build configuration list for PBXNativeTarget "grid_view" */;
			buildPhases = (
				FF746957249BA0C90055D432 /* Sources */,
				FF746958249BA0C90055D432 /* Frameworks */,
				FF746959249BA0C90055D432 /* Resources */,
			);
			buildRules = (
			);
			dependencies = (
			);
			name = grid_view;
			productName = grid_view;
			productReference = FF74695B249BA0C90055D432 /* grid_view.app */;
			productType = "com.apple.product-type.application";
		};
/* End PBXNativeTarget section */

/* Begin PBXProject section */
		FF746953249BA0C90055D432 /* Project object */ = {
			isa = PBXProject;
			attributes = {
				LastSwiftUpdateCheck = 1150;
				LastUpgradeCheck = 1150;
				ORGANIZATIONNAME = tientran;
				TargetAttributes = {
					FF74695A249BA0C90055D432 = {
						CreatedOnToolsVersion = 11.5;
					};
				};
			};
			buildConfigurationList = FF746956249BA0C90055D432 /* Build configuration list for PBXProject "grid_view" */;
			compatibilityVersion = "Xcode 9.3";
			developmentRegion = en;
			hasScannedForEncodings = 0;
			knownRegions = (
				en,
				Base,
			);
			mainGroup = FF746952249BA0C90055D432;
			productRefGroup = FF74695C249BA0C90055D432 /* Products */;
			projectDirPath = "";
			projectRoot = "";
			targets = (
				FF74695A249BA0C90055D432 /* grid_view */,
			);
		};
/* End PBXProject section */

/* Begin PBXResourcesBuildPhase section */
		FF746959249BA0C90055D432 /* Resources */ = {
			isa = PBXResourcesBuildPhase;
			buildActionMask = 2147483647;
			files = (
				FF74696B249BA0CC0055D432 /* LaunchScreen.storyboard in Resources */,
				FF746968249BA0CC0055D432 /* Preview Assets.xcassets in Resources */,
				FF746965249BA0CC0055D432 /* Assets.xcassets in Resources */,
			);
			runOnlyForDeploymentPostprocessing = 0;
		};
/* End PBXResourcesBuildPhase section */

/* Begin PBXSourcesBuildPhase section */
		FF746957249BA0C90055D432 /* Sources */ = {
			isa = PBXSourcesBuildPhase;
			buildActionMask = 2147483647;
			files = (
				FF74695F249BA0C90055D432 /* AppDelegate.swift in Sources */,
				FF746961249BA0C90055D432 /* SceneDelegate.swift in Sources */,
				FF746974249BA0F90055D432 /* Flowers.swift in Sources */,
				FF746978249BA2700055D432 /* ArrayExtenssion.swift in Sources */,
				FF746963249BA0C90055D432 /* ContentView.swift in Sources */,
			);
			runOnlyForDeploymentPostprocessing = 0;
		};
/* End PBXSourcesBuildPhase section */

/* Begin PBXVariantGroup section */
		FF746969249BA0CC0055D432 /* LaunchScreen.storyboard */ = {
			isa = PBXVariantGroup;
			children = (
				FF74696A249BA0CC0055D432 /* Base */,
			);
			name = LaunchScreen.storyboard;
			sourceTree = "<group>";
		};
/* End PBXVariantGroup section */

/* Begin XCBuildConfiguration section */
		FF74696D249BA0CC0055D432 /* Debug */ = {
			isa = XCBuildConfiguration;
			buildSettings = {
				ALWAYS_SEARCH_USER_PATHS = NO;
				CLANG_ANALYZER_NONNULL = YES;
				CLANG_ANALYZER_NUMBER_OBJECT_CONVERSION = YES_AGGRESSIVE;
				CLANG_CXX_LANGUAGE_STANDARD = "gnu++14";
				CLANG_CXX_LIBRARY = "libc++";
				CLANG_ENABLE_MODULES = YES;
				CLANG_ENABLE_OBJC_ARC = YES;
				CLANG_ENABLE_OBJC_WEAK = YES;
				CLANG_WARN_BLOCK_CAPTURE_AUTORELEASING = YES;
				CLANG_WARN_BOOL_CONVERSION = YES;
				CLANG_WARN_COMMA = YES;
				CLANG_WARN_CONSTANT_CONVERSION = YES;
				CLANG_WARN_DEPRECATED_OBJC_IMPLEMENTATIONS = YES;
				CLANG_WARN_DIRECT_OBJC_ISA_USAGE = YES_ERROR;
				CLANG_WARN_DOCUMENTATION_COMMENTS = YES;
				CLANG_WARN_EMPTY_BODY = YES;
				CLANG_WARN_ENUM_CONVERSION = YES;
				CLANG_WARN_INFINITE_RECURSION = YES;
				CLANG_WARN_INT_CONVERSION = YES;
				CLANG_WARN_NON_LITERAL_NULL_CONVERSION = YES;
				CLANG_WARN_OBJC_IMPLICIT_RETAIN_SELF = YES;
				CLANG_WARN_OBJC_LITERAL_CONVERSION = YES;
				CLANG_WARN_OBJC_ROOT_CLASS = YES_ERROR;
				CLANG_WARN_RANGE_LOOP_ANALYSIS = YES;
				CLANG_WARN_STRICT_PROTOTYPES = YES;
				CLANG_WARN_SUSPICIOUS_MOVE = YES;
				CLANG_WARN_UNGUARDED_AVAILABILITY = YES_AGGRESSIVE;
				CLANG_WARN_UNREACHABLE_CODE = YES;
				CLANG_WARN__DUPLICATE_METHOD_MATCH = YES;
				COPY_PHASE_STRIP = NO;
				DEBUG_INFORMATION_FORMAT = dwarf;
				ENABLE_STRICT_OBJC_MSGSEND = YES;
				ENABLE_TESTABILITY = YES;
				GCC_C_LANGUAGE_STANDARD = gnu11;
				GCC_DYNAMIC_NO_PIC = NO;
				GCC_NO_COMMON_BLOCKS = YES;
				GCC_OPTIMIZATION_LEVEL = 0;
				GCC_PREPROCESSOR_DEFINITIONS = (
					"DEBUG=1",
					"$(inherited)",
				);
				GCC_WARN_64_TO_32_BIT_CONVERSION = YES;
				GCC_WARN_ABOUT_RETURN_TYPE = YES_ERROR;
				GCC_WARN_UNDECLARED_SELECTOR = YES;
				GCC_WARN_UNINITIALIZED_AUTOS = YES_AGGRESSIVE;
				GCC_WARN_UNUSED_FUNCTION = YES;
				GCC_WARN_UNUSED_VARIABLE = YES;
				IPHONEOS_DEPLOYMENT_TARGET = 13.5;
				MTL_ENABLE_DEBUG_INFO = INCLUDE_SOURCE;
				MTL_FAST_MATH = YES;
				ONLY_ACTIVE_ARCH = YES;
				SDKROOT = iphoneos;
				SWIFT_ACTIVE_COMPILATION_CONDITIONS = DEBUG;
				SWIFT_OPTIMIZATION_LEVEL = "-Onone";
			};
			name = Debug;
		};
		FF74696E249BA0CC0055D432 /* Release */ = {
			isa = XCBuildConfiguration;
			buildSettings = {
				ALWAYS_SEARCH_USER_PATHS = NO;
				CLANG_ANALYZER_NONNULL = YES;
				CLANG_ANALYZER_NUMBER_OBJECT_CONVERSION = YES_AGGRESSIVE;
				CLANG_CXX_LANGUAGE_STANDARD = "gnu++14";
				CLANG_CXX_LIBRARY = "libc++";
				CLANG_ENABLE_MODULES = YES;
				CLANG_ENABLE_OBJC_ARC = YES;
				CLANG_ENABLE_OBJC_WEAK = YES;
				CLANG_WARN_BLOCK_CAPTURE_AUTORELEASING = YES;
				CLANG_WARN_BOOL_CONVERSION = YES;
				CLANG_WARN_COMMA = YES;
				CLANG_WARN_CONSTANT_CONVERSION = YES;
				CLANG_WARN_DEPRECATED_OBJC_IMPLEMENTATIONS = YES;
				CLANG_WARN_DIRECT_OBJC_ISA_USAGE = YES_ERROR;
				CLANG_WARN_DOCUMENTATION_COMMENTS = YES;
				CLANG_WARN_EMPTY_BODY = YES;
				CLANG_WARN_ENUM_CONVERSION = YES;
				CLANG_WARN_INFINITE_RECURSION = YES;
				CLANG_WARN_INT_CONVERSION = YES;
				CLANG_WARN_NON_LITERAL_NULL_CONVERSION = YES;
				CLANG_WARN_OBJC_IMPLICIT_RETAIN_SELF = YES;
				CLANG_WARN_OBJC_LITERAL_CONVERSION = YES;
				CLANG_WARN_OBJC_ROOT_CLASS = YES_ERROR;
				CLANG_WARN_RANGE_LOOP_ANALYSIS = YES;
				CLANG_WARN_STRICT_PROTOTYPES = YES;
				CLANG_WARN_SUSPICIOUS_MOVE = YES;
				CLANG_WARN_UNGUARDED_AVAILABILITY = YES_AGGRESSIVE;
				CLANG_WARN_UNREACHABLE_CODE = YES;
				CLANG_WARN__DUPLICATE_METHOD_MATCH = YES;
				COPY_PHASE_STRIP = NO;
				DEBUG_INFORMATION_FORMAT = "dwarf-with-dsym";
				ENABLE_NS_ASSERTIONS = NO;
				ENABLE_STRICT_OBJC_MSGSEND = YES;
				GCC_C_LANGUAGE_STANDARD = gnu11;
				GCC_NO_COMMON_BLOCKS = YES;
				GCC_WARN_64_TO_32_BIT_CONVERSION = YES;
				GCC_WARN_ABOUT_RETURN_TYPE = YES_ERROR;
				GCC_WARN_UNDECLARED_SELECTOR = YES;
				GCC_WARN_UNINITIALIZED_AUTOS = YES_AGGRESSIVE;
				GCC_WARN_UNUSED_FUNCTION = YES;
				GCC_WARN_UNUSED_VARIABLE = YES;
				IPHONEOS_DEPLOYMENT_TARGET = 13.5;
				MTL_ENABLE_DEBUG_INFO = NO;
				MTL_FAST_MATH = YES;
				SDKROOT = iphoneos;
				SWIFT_COMPILATION_MODE = wholemodule;
				SWIFT_OPTIMIZATION_LEVEL = "-O";
				VALIDATE_PRODUCT = YES;
			};
			name = Release;
		};
		FF746970249BA0CC0055D432 /* Debug */ = {
			isa = XCBuildConfiguration;
			buildSettings = {
				ASSETCATALOG_COMPILER_APPICON_NAME = AppIcon;
				CODE_SIGN_STYLE = Automatic;
				DEVELOPMENT_ASSET_PATHS = "\"grid_view/Preview Content\"";
				ENABLE_PREVIEWS = YES;
				INFOPLIST_FILE = grid_view/Info.plist;
				LD_RUNPATH_SEARCH_PATHS = (
					"$(inherited)",
					"@executable_path/Frameworks",
				);
				PRODUCT_BUNDLE_IDENTIFIER = "tientranzt.grid-view";
				PRODUCT_NAME = "$(TARGET_NAME)";
				SWIFT_VERSION = 5.0;
				TARGETED_DEVICE_FAMILY = "1,2";
			};
			name = Debug;
		};
		FF746971249BA0CC0055D432 /* Release */ = {
			isa = XCBuildConfiguration;
			buildSettings = {
				ASSETCATALOG_COMPILER_APPICON_NAME = AppIcon;
				CODE_SIGN_STYLE = Automatic;
				DEVELOPMENT_ASSET_PATHS = "\"grid_view/Preview Content\"";
				ENABLE_PREVIEWS = YES;
				INFOPLIST_FILE = grid_view/Info.plist;
				LD_RUNPATH_SEARCH_PATHS = (
					"$(inherited)",
					"@executable_path/Frameworks",
				);
				PRODUCT_BUNDLE_IDENTIFIER = "tientranzt.grid-view";
				PRODUCT_NAME = "$(TARGET_NAME)";
				SWIFT_VERSION = 5.0;
				TARGETED_DEVICE_FAMILY = "1,2";
			};
			name = Release;
		};
/* End XCBuildConfiguration section */

/* Begin XCConfigurationList section */
		FF746956249BA0C90055D432 /* Build configuration list for PBXProject "grid_view" */ = {
			isa = XCConfigurationList;
			buildConfigurations = (
				FF74696D249BA0CC0055D432 /* Debug */,
				FF74696E249BA0CC0055D432 /* Release */,
			);
			defaultConfigurationIsVisible = 0;
			defaultConfigurationName = Release;
		};
		FF74696F249BA0CC0055D432 /* Build configuration list for PBXNativeTarget "grid_view" */ = {
			isa = XCConfigurationList;
			buildConfigurations = (
				FF746970249BA0CC0055D432 /* Debug */,
				FF746971249BA0CC0055D432 /* Release */,
			);
			defaultConfigurationIsVisible = 0;
			defaultConfigurationName = Release;
		};
/* End XCConfigurationList section */
	};
	rootObject = FF746953249BA0C90055D432 /* Project object */;
}
